
Microsoft Visual Studio Solution File, Format Version 12.00
Project("{FAE04EC0-301F-11D3-BF4B-00C04F79EFBC}") = "FizzBuzzKata", "FizzBuzzKata\FizzBuzzKata.csproj", "{CFB4AF31-7EF0-4BD5-B09B-AD40AF5F9C51}"
EndProject
Project("{FAE04EC0-301F-11D3-BF4B-00C04F79EFBC}") = "FizzBuzzKataConsole", "FizzBuzzKataConsole\FizzBuzzKataConsole.csproj", "{DC7747AD-29DF-41C3-9ED3-92401697619C}"
EndProject
Global
	GlobalSection(SolutionConfigurationPlatforms) = preSolution
		Debug|Any CPU = Debug|Any CPU
		Release|Any CPU = Release|Any CPU
	EndGlobalSection
	GlobalSection(ProjectConfigurationPlatforms) = postSolution
		{CFB4AF31-7EF0-4BD5-B09B-AD40AF5F9C51}.Debug|Any CPU.ActiveCfg = Debug|Any CPU
		{CFB4AF31-7EF0-4BD5-B09B-AD40AF5F9C51}.Debug|Any CPU.Build.0 = Debug|Any CPU
		{CFB4AF31-7EF0-4BD5-B09B-AD40AF5F9C51}.Release|Any CPU.ActiveCfg = Release|Any CPU
		{CFB4AF31-7EF0-4BD5-B09B-AD40AF5F9C51}.Release|Any CPU.Build.0 = Release|Any CPU
		{DC7747AD-29DF-41C3-9ED3-92401697619C}.Debug|Any CPU.ActiveCfg = Debug|Any CPU
		{DC7747AD-29DF-41C3-9ED3-92401697619C}.Debug|Any CPU.Build.0 = Debug|Any CPU
		{DC7747AD-29DF-41C3-9ED3-92401697619C}.Release|Any CPU.ActiveCfg = Release|Any CPU
		{DC7747AD-29DF-41C3-9ED3-92401697619C}.Release|Any CPU.Build.0 = Release|Any CPU
	EndGlobalSection
EndGlobal
